
Microsoft Visual Studio Solution File, Format Version 12.00
# Visual Studio Version 16
VisualStudioVersion = 16.0.31105.61
MinimumVisualStudioVersion = 10.0.40219.1
Project("{FAE04EC0-301F-11D3-BF4B-00C04F79EFBC}") = "MessageHandler", "MessageHandler\MessageHandler.csproj", "{F5883B03-3BBC-449E-9BE8-B3F6AD542E8A}"
EndProject
Global
	GlobalSection(SolutionConfigurationPlatforms) = preSolution
		Debug|Any CPU = Debug|Any CPU
		Release|Any CPU = Release|Any CPU
	EndGlobalSection
	GlobalSection(ProjectConfigurationPlatforms) = postSolution
		{F5883B03-3BBC-449E-9BE8-B3F6AD542E8A}.Debug|Any CPU.ActiveCfg = Debug|Any CPU
		{F5883B03-3BBC-449E-9BE8-B3F6AD542E8A}.Debug|Any CPU.Build.0 = Debug|Any CPU
		{F5883B03-3BBC-449E-9BE8-B3F6AD542E8A}.Release|Any CPU.ActiveCfg = Release|Any CPU
		{F5883B03-3BBC-449E-9BE8-B3F6AD542E8A}.Release|Any CPU.Build.0 = Release|Any CPU
	EndGlobalSection
	GlobalSection(SolutionProperties) = preSolution
		HideSolutionNode = FALSE
	EndGlobalSection
	GlobalSection(ExtensibilityGlobals) = postSolution
		SolutionGuid = {80DFEA86-8E81-4844-AD63-825514928844}
	EndGlobalSection
EndGlobal
